
Microsoft Visual Studio Solution File, Format Version 12.00
# Visual Studio 2012
Project("{FAE04EC0-301F-11D3-BF4B-00C04F79EFBC}") = "opt.Domain", "opt.Domain\opt.Domain.csproj", "{C933D401-E8E7-4D47-B9F2-7BCAB7CA9077}"
EndProject
Project("{FAE04EC0-301F-11D3-BF4B-00C04F79EFBC}") = "opt.Domain.Tests", "opt.Domain.Tests\opt.Domain.Tests.csproj", "{A68E4EFE-43E4-46D9-A165-488FC2F4EEB3}"
EndProject
Global
	GlobalSection(SolutionConfigurationPlatforms) = preSolution
		Debug|Any CPU = Debug|Any CPU
		Release|Any CPU = Release|Any CPU
	EndGlobalSection
	GlobalSection(ProjectConfigurationPlatforms) = postSolution
		{C933D401-E8E7-4D47-B9F2-7BCAB7CA9077}.Debug|Any CPU.ActiveCfg = Debug|Any CPU
		{C933D401-E8E7-4D47-B9F2-7BCAB7CA9077}.Debug|Any CPU.Build.0 = Debug|Any CPU
		{C933D401-E8E7-4D47-B9F2-7BCAB7CA9077}.Release|Any CPU.ActiveCfg = Release|Any CPU
		{C933D401-E8E7-4D47-B9F2-7BCAB7CA9077}.Release|Any CPU.Build.0 = Release|Any CPU
		{A68E4EFE-43E4-46D9-A165-488FC2F4EEB3}.Debug|Any CPU.ActiveCfg = Debug|Any CPU
		{A68E4EFE-43E4-46D9-A165-488FC2F4EEB3}.Debug|Any CPU.Build.0 = Debug|Any CPU
		{A68E4EFE-43E4-46D9-A165-488FC2F4EEB3}.Release|Any CPU.ActiveCfg = Release|Any CPU
		{A68E4EFE-43E4-46D9-A165-488FC2F4EEB3}.Release|Any CPU.Build.0 = Release|Any CPU
	EndGlobalSection
	GlobalSection(SolutionProperties) = preSolution
		HideSolutionNode = FALSE
	EndGlobalSection
EndGlobal
